// !$*UTF8*$!
{
	archiveVersion = 1;
	classes = {
	};
	objectVersion = 46;
	objects = {

/* Begin PBXBuildFile section */
		FC10FB6E1C4E84B900EEA8C6 /* AppDelegate.swift in Sources */ = {isa = PBXBuildFile; fileRef = FC10FB6D1C4E84B900EEA8C6 /* AppDelegate.swift */; };
		FC10FB751C4E84B900EEA8C6 /* Assets.xcassets in Resources */ = {isa = PBXBuildFile; fileRef = FC10FB741C4E84B900EEA8C6 /* Assets.xcassets */; };
		FC10FB831C4E84B900EEA8C6 /* UISwift02Tests.swift in Sources */ = {isa = PBXBuildFile; fileRef = FC10FB821C4E84B900EEA8C6 /* UISwift02Tests.swift */; };
		FC10FB8E1C4E84B900EEA8C6 /* UISwift02UITests.swift in Sources */ = {isa = PBXBuildFile; fileRef = FC10FB8D1C4E84B900EEA8C6 /* UISwift02UITests.swift */; };
		FC10FB9D1C4E858F00EEA8C6 /* FirstViewController.swift in Sources */ = {isa = PBXBuildFile; fileRef = FC10FB9C1C4E858F00EEA8C6 /* FirstViewController.swift */; };
		FC10FB9F1C4E859700EEA8C6 /* SecondViewController.swift in Sources */ = {isa = PBXBuildFile; fileRef = FC10FB9E1C4E859700EEA8C6 /* SecondViewController.swift */; };
		FC396F5F1C4F8285005873FB /* Macro.swift in Sources */ = {isa = PBXBuildFile; fileRef = FC396F5E1C4F8285005873FB /* Macro.swift */; };
/* End PBXBuildFile section */

/* Begin PBXContainerItemProxy section */
		FC10FB7F1C4E84B900EEA8C6 /* PBXContainerItemProxy */ = {
			isa = PBXContainerItemProxy;
			containerPortal = FC10FB621C4E84B900EEA8C6 /* Project object */;
			proxyType = 1;
			remoteGlobalIDString = FC10FB691C4E84B900EEA8C6;
			remoteInfo = UISwift02;
		};
		FC10FB8A1C4E84B900EEA8C6 /* PBXContainerItemProxy */ = {
			isa = PBXContainerItemProxy;
			containerPortal = FC10FB621C4E84B900EEA8C6 /* Project object */;
			proxyType = 1;
			remoteGlobalIDString = FC10FB691C4E84B900EEA8C6;
			remoteInfo = UISwift02;
		};
/* End PBXContainerItemProxy section */

/* Begin PBXFileReference section */
		FC10FB6A1C4E84B900EEA8C6 /* UISwift02.app */ = {isa = PBXFileReference; explicitFileType = wrapper.application; includeInIndex = 0; path = UISwift02.app; sourceTree = BUILT_PRODUCTS_DIR; };
		FC10FB6D1C4E84B900EEA8C6 /* AppDelegate.swift */ = {isa = PBXFileReference; lastKnownFileType = sourcecode.swift; path = AppDelegate.swift; sourceTree = "<group>"; };
		FC10FB741C4E84B900EEA8C6 /* Assets.xcassets */ = {isa = PBXFileReference; lastKnownFileType = folder.assetcatalog; path = Assets.xcassets; sourceTree = "<group>"; };
		FC10FB791C4E84B900EEA8C6 /* Info.plist */ = {isa = PBXFileReference; lastKnownFileType = text.plist.xml; path = Info.plist; sourceTree = "<group>"; };
		FC10FB7E1C4E84B900EEA8C6 /* UISwift02Tests.xctest */ = {isa = PBXFileReference; explicitFileType = wrapper.cfbundle; includeInIndex = 0; path = UISwift02Tests.xctest; sourceTree = BUILT_PRODUCTS_DIR; };
		FC10FB821C4E84B900EEA8C6 /* UISwift02Tests.swift */ = {isa = PBXFileReference; lastKnownFileType = sourcecode.swift; path = UISwift02Tests.swift; sourceTree = "<group>"; };
		FC10FB841C4E84B900EEA8C6 /* Info.plist */ = {isa = PBXFileReference; lastKnownFileType = text.plist.xml; path = Info.plist; sourceTree = "<group>"; };
		FC10FB891C4E84B900EEA8C6 /* UISwift02UITests.xctest */ = {isa = PBXFileReference; explicitFileType = wrapper.cfbundle; includeInIndex = 0; path = UISwift02UITests.xctest; sourceTree = BUILT_PRODUCTS_DIR; };
		FC10FB8D1C4E84B900EEA8C6 /* UISwift02UITests.swift */ = {isa = PBXFileReference; lastKnownFileType = sourcecode.swift; path = UISwift02UITests.swift; sourceTree = "<group>"; };
		FC10FB8F1C4E84B900EEA8C6 /* Info.plist */ = {isa = PBXFileReference; lastKnownFileType = text.plist.xml; path = Info.plist; sourceTree = "<group>"; };
		FC10FB9C1C4E858F00EEA8C6 /* FirstViewController.swift */ = {isa = PBXFileReference; fileEncoding = 4; lastKnownFileType = sourcecode.swift; path = FirstViewController.swift; sourceTree = "<group>"; };
		FC10FB9E1C4E859700EEA8C6 /* SecondViewController.swift */ = {isa = PBXFileReference; fileEncoding = 4; lastKnownFileType = sourcecode.swift; path = SecondViewController.swift; sourceTree = "<group>"; };
		FC396F5D1C4F73B6005873FB /* UISwift02.pch */ = {isa = PBXFileReference; fileEncoding = 4; lastKnownFileType = sourcecode.c.h; path = UISwift02.pch; sourceTree = "<group>"; };
		FC396F5E1C4F8285005873FB /* Macro.swift */ = {isa = PBXFileReference; fileEncoding = 4; lastKnownFileType = sourcecode.swift; path = Macro.swift; sourceTree = "<group>"; };
/* End PBXFileReference section */

/* Begin PBXFrameworksBuildPhase section */
		FC10FB671C4E84B900EEA8C6 /* Frameworks */ = {
			isa = PBXFrameworksBuildPhase;
			buildActionMask = 2147483647;
			files = (
			);
			runOnlyForDeploymentPostprocessing = 0;
		};
		FC10FB7B1C4E84B900EEA8C6 /* Frameworks */ = {
			isa = PBXFrameworksBuildPhase;
			buildActionMask = 2147483647;
			files = (
			);
			runOnlyForDeploymentPostprocessing = 0;
		};
		FC10FB861C4E84B900EEA8C6 /* Frameworks */ = {
			isa = PBXFrameworksBuildPhase;
			buildActionMask = 2147483647;
			files = (
			);
			runOnlyForDeploymentPostprocessing = 0;
		};
/* End PBXFrameworksBuildPhase section */

/* Begin PBXGroup section */
		FC10FB611C4E84B900EEA8C6 = {
			isa = PBXGroup;
			children = (
				FC10FB6C1C4E84B900EEA8C6 /* UISwift02 */,
				FC10FB811C4E84B900EEA8C6 /* UISwift02Tests */,
				FC10FB8C1C4E84B900EEA8C6 /* UISwift02UITests */,
				FC10FB6B1C4E84B900EEA8C6 /* Products */,
			);
			sourceTree = "<group>";
		};
		FC10FB6B1C4E84B900EEA8C6 /* Products */ = {
			isa = PBXGroup;
			children = (
				FC10FB6A1C4E84B900EEA8C6 /* UISwift02.app */,
				FC10FB7E1C4E84B900EEA8C6 /* UISwift02Tests.xctest */,
				FC10FB891C4E84B900EEA8C6 /* UISwift02UITests.xctest */,
			);
			name = Products;
			sourceTree = "<group>";
		};
		FC10FB6C1C4E84B900EEA8C6 /* UISwift02 */ = {
			isa = PBXGroup;
			children = (
				FC10FB6D1C4E84B900EEA8C6 /* AppDelegate.swift */,
				FC396F5E1C4F8285005873FB /* Macro.swift */,
				FC10FB9C1C4E858F00EEA8C6 /* FirstViewController.swift */,
				FC10FB9E1C4E859700EEA8C6 /* SecondViewController.swift */,
				FC396F5D1C4F73B6005873FB /* UISwift02.pch */,
				FC10FB741C4E84B900EEA8C6 /* Assets.xcassets */,
				FC10FB791C4E84B900EEA8C6 /* Info.plist */,
			);
			path = UISwift02;
			sourceTree = "<group>";
		};
		FC10FB811C4E84B900EEA8C6 /* UISwift02Tests */ = {
			isa = PBXGroup;
			children = (
				FC10FB821C4E84B900EEA8C6 /* UISwift02Tests.swift */,
				FC10FB841C4E84B900EEA8C6 /* Info.plist */,
			);
			path = UISwift02Tests;
			sourceTree = "<group>";
		};
		FC10FB8C1C4E84B900EEA8C6 /* UISwift02UITests */ = {
			isa = PBXGroup;
			children = (
				FC10FB8D1C4E84B900EEA8C6 /* UISwift02UITests.swift */,
				FC10FB8F1C4E84B900EEA8C6 /* Info.plist */,
			);
			path = UISwift02UITests;
			sourceTree = "<group>";
		};
/* End PBXGroup section */

/* Begin PBXNativeTarget section */
		FC10FB691C4E84B900EEA8C6 /* UISwift02 */ = {
			isa = PBXNativeTarget;
			buildConfigurationList = FC10FB921C4E84B900EEA8C6 /* Build configuration list for PBXNativeTarget "UISwift02" */;
			buildPhases = (
				FC10FB661C4E84B900EEA8C6 /* Sources */,
				FC10FB671C4E84B900EEA8C6 /* Frameworks */,
				FC10FB681C4E84B900EEA8C6 /* Resources */,
			);
			buildRules = (
			);
			dependencies = (
			);
			name = UISwift02;
			productName = UISwift02;
			productReference = FC10FB6A1C4E84B900EEA8C6 /* UISwift02.app */;
			productType = "com.apple.product-type.application";
		};
		FC10FB7D1C4E84B900EEA8C6 /* UISwift02Tests */ = {
			isa = PBXNativeTarget;
			buildConfigurationList = FC10FB951C4E84B900EEA8C6 /* Build configuration list for PBXNativeTarget "UISwift02Tests" */;
			buildPhases = (
				FC10FB7A1C4E84B900EEA8C6 /* Sources */,
				FC10FB7B1C4E84B900EEA8C6 /* Frameworks */,
				FC10FB7C1C4E84B900EEA8C6 /* Resources */,
			);
			buildRules = (
			);
			dependencies = (
				FC10FB801C4E84B900EEA8C6 /* PBXTargetDependency */,
			);
			name = UISwift02Tests;
			productName = UISwift02Tests;
			productReference = FC10FB7E1C4E84B900EEA8C6 /* UISwift02Tests.xctest */;
			productType = "com.apple.product-type.bundle.unit-test";
		};
		FC10FB881C4E84B900EEA8C6 /* UISwift02UITests */ = {
			isa = PBXNativeTarget;
			buildConfigurationList = FC10FB981C4E84B900EEA8C6 /* Build configuration list for PBXNativeTarget "UISwift02UITests" */;
			buildPhases = (
				FC10FB851C4E84B900EEA8C6 /* Sources */,
				FC10FB861C4E84B900EEA8C6 /* Frameworks */,
				FC10FB871C4E84B900EEA8C6 /* Resources */,
			);
			buildRules = (
			);
			dependencies = (
				FC10FB8B1C4E84B900EEA8C6 /* PBXTargetDependency */,
			);
			name = UISwift02UITests;
			productName = UISwift02UITests;
			productReference = FC10FB891C4E84B900EEA8C6 /* UISwift02UITests.xctest */;
			productType = "com.apple.product-type.bundle.ui-testing";
		};
/* End PBXNativeTarget section */

/* Begin PBXProject section */
		FC10FB621C4E84B900EEA8C6 /* Project object */ = {
			isa = PBXProject;
			attributes = {
				LastSwiftUpdateCheck = 0720;
				LastUpgradeCheck = 0720;
				ORGANIZATIONNAME = kong;
				TargetAttributes = {
					FC10FB691C4E84B900EEA8C6 = {
						CreatedOnToolsVersion = 7.2;
					};
					FC10FB7D1C4E84B900EEA8C6 = {
						CreatedOnToolsVersion = 7.2;
						TestTargetID = FC10FB691C4E84B900EEA8C6;
					};
					FC10FB881C4E84B900EEA8C6 = {
						CreatedOnToolsVersion = 7.2;
						TestTargetID = FC10FB691C4E84B900EEA8C6;
					};
				};
			};
			buildConfigurationList = FC10FB651C4E84B900EEA8C6 /* Build configuration list for PBXProject "UISwift02" */;
			compatibilityVersion = "Xcode 3.2";
			developmentRegion = English;
			hasScannedForEncodings = 0;
			knownRegions = (
				en,
				Base,
			);
			mainGroup = FC10FB611C4E84B900EEA8C6;
			productRefGroup = FC10FB6B1C4E84B900EEA8C6 /* Products */;
			projectDirPath = "";
			projectRoot = "";
			targets = (
				FC10FB691C4E84B900EEA8C6 /* UISwift02 */,
				FC10FB7D1C4E84B900EEA8C6 /* UISwift02Tests */,
				FC10FB881C4E84B900EEA8C6 /* UISwift02UITests */,
			);
		};
/* End PBXProject section */

/* Begin PBXResourcesBuildPhase section */
		FC10FB681C4E84B900EEA8C6 /* Resources */ = {
			isa = PBXResourcesBuildPhase;
			buildActionMask = 2147483647;
			files = (
				FC10FB751C4E84B900EEA8C6 /* Assets.xcassets in Resources */,
			);
			runOnlyForDeploymentPostprocessing = 0;
		};
		FC10FB7C1C4E84B900EEA8C6 /* Resources */ = {
			isa = PBXResourcesBuildPhase;
			buildActionMask = 2147483647;
			files = (
			);
			runOnlyForDeploymentPostprocessing = 0;
		};
		FC10FB871C4E84B900EEA8C6 /* Resources */ = {
			isa = PBXResourcesBuildPhase;
			buildActionMask = 2147483647;
			files = (
			);
			runOnlyForDeploymentPostprocessing = 0;
		};
/* End PBXResourcesBuildPhase section */

/* Begin PBXSourcesBuildPhase section */
		FC10FB661C4E84B900EEA8C6 /* Sources */ = {
			isa = PBXSourcesBuildPhase;
			buildActionMask = 2147483647;
			files = (
				FC396F5F1C4F8285005873FB /* Macro.swift in Sources */,
				FC10FB9F1C4E859700EEA8C6 /* SecondViewController.swift in Sources */,
				FC10FB6E1C4E84B900EEA8C6 /* AppDelegate.swift in Sources */,
				FC10FB9D1C4E858F00EEA8C6 /* FirstViewController.swift in Sources */,
			);
			runOnlyForDeploymentPostprocessing = 0;
		};
		FC10FB7A1C4E84B900EEA8C6 /* Sources */ = {
			isa = PBXSourcesBuildPhase;
			buildActionMask = 2147483647;
			files = (
				FC10FB831C4E84B900EEA8C6 /* UISwift02Tests.swift in Sources */,
			);
			runOnlyForDeploymentPostprocessing = 0;
		};
		FC10FB851C4E84B900EEA8C6 /* Sources */ = {
			isa = PBXSourcesBuildPhase;
			buildActionMask = 2147483647;
			files = (
				FC10FB8E1C4E84B900EEA8C6 /* UISwift02UITests.swift in Sources */,
			);
			runOnlyForDeploymentPostprocessing = 0;
		};
/* End PBXSourcesBuildPhase section */

/* Begin PBXTargetDependency section */
		FC10FB801C4E84B900EEA8C6 /* PBXTargetDependency */ = {
			isa = PBXTargetDependency;
			target = FC10FB691C4E84B900EEA8C6 /* UISwift02 */;
			targetProxy = FC10FB7F1C4E84B900EEA8C6 /* PBXContainerItemProxy */;
		};
		FC10FB8B1C4E84B900EEA8C6 /* PBXTargetDependency */ = {
			isa = PBXTargetDependency;
			target = FC10FB691C4E84B900EEA8C6 /* UISwift02 */;
			targetProxy = FC10FB8A1C4E84B900EEA8C6 /* PBXContainerItemProxy */;
		};
/* End PBXTargetDependency section */

/* Begin XCBuildConfiguration section */
		FC10FB901C4E84B900EEA8C6 /* Debug */ = {
			isa = XCBuildConfiguration;
			buildSettings = {
				ALWAYS_SEARCH_USER_PATHS = NO;
				CLANG_CXX_LANGUAGE_STANDARD = "gnu++0x";
				CLANG_CXX_LIBRARY = "libc++";
				CLANG_ENABLE_MODULES = YES;
				CLANG_ENABLE_OBJC_ARC = YES;
				CLANG_WARN_BOOL_CONVERSION = YES;
				CLANG_WARN_CONSTANT_CONVERSION = YES;
				CLANG_WARN_DIRECT_OBJC_ISA_USAGE = YES_ERROR;
				CLANG_WARN_EMPTY_BODY = YES;
				CLANG_WARN_ENUM_CONVERSION = YES;
				CLANG_WARN_INT_CONVERSION = YES;
				CLANG_WARN_OBJC_ROOT_CLASS = YES_ERROR;
				CLANG_WARN_UNREACHABLE_CODE = YES;
				CLANG_WARN__DUPLICATE_METHOD_MATCH = YES;
				"CODE_SIGN_IDENTITY[sdk=iphoneos*]" = "iPhone Developer";
				COPY_PHASE_STRIP = NO;
				DEBUG_INFORMATION_FORMAT = dwarf;
				ENABLE_STRICT_OBJC_MSGSEND = YES;
				ENABLE_TESTABILITY = YES;
				GCC_C_LANGUAGE_STANDARD = gnu99;
				GCC_DYNAMIC_NO_PIC = NO;
				GCC_NO_COMMON_BLOCKS = YES;
				GCC_OPTIMIZATION_LEVEL = 0;
				GCC_PREPROCESSOR_DEFINITIONS = (
					"DEBUG=1",
					"$(inherited)",
				);
				GCC_WARN_64_TO_32_BIT_CONVERSION = YES;
				GCC_WARN_ABOUT_RETURN_TYPE = YES_ERROR;
				GCC_WARN_UNDECLARED_SELECTOR = YES;
				GCC_WARN_UNINITIALIZED_AUTOS = YES_AGGRESSIVE;
				GCC_WARN_UNUSED_FUNCTION = YES;
				GCC_WARN_UNUSED_VARIABLE = YES;
				IPHONEOS_DEPLOYMENT_TARGET = 9.2;
				MTL_ENABLE_DEBUG_INFO = YES;
				ONLY_ACTIVE_ARCH = YES;
				SDKROOT = iphoneos;
				SWIFT_OPTIMIZATION_LEVEL = "-Onone";
			};
			name = Debug;
		};
		FC10FB911C4E84B900EEA8C6 /* Release */ = {
			isa = XCBuildConfiguration;
			buildSettings = {
				ALWAYS_SEARCH_USER_PATHS = NO;
				CLANG_CXX_LANGUAGE_STANDARD = "gnu++0x";
				CLANG_CXX_LIBRARY = "libc++";
				CLANG_ENABLE_MODULES = YES;
				CLANG_ENABLE_OBJC_ARC = YES;
				CLANG_WARN_BOOL_CONVERSION = YES;
				CLANG_WARN_CONSTANT_CONVERSION = YES;
				CLANG_WARN_DIRECT_OBJC_ISA_USAGE = YES_ERROR;
				CLANG_WARN_EMPTY_BODY = YES;
				CLANG_WARN_ENUM_CONVERSION = YES;
				CLANG_WARN_INT_CONVERSION = YES;
				CLANG_WARN_OBJC_ROOT_CLASS = YES_ERROR;
				CLANG_WARN_UNREACHABLE_CODE = YES;
				CLANG_WARN__DUPLICATE_METHOD_MATCH = YES;
				"CODE_SIGN_IDENTITY[sdk=iphoneos*]" = "iPhone Developer";
				COPY_PHASE_STRIP = NO;
				DEBUG_INFORMATION_FORMAT = "dwarf-with-dsym";
				ENABLE_NS_ASSERTIONS = NO;
				ENABLE_STRICT_OBJC_MSGSEND = YES;
				GCC_C_LANGUAGE_STANDARD = gnu99;
				GCC_NO_COMMON_BLOCKS = YES;
				GCC_WARN_64_TO_32_BIT_CONVERSION = YES;
				GCC_WARN_ABOUT_RETURN_TYPE = YES_ERROR;
				GCC_WARN_UNDECLARED_SELECTOR = YES;
				GCC_WARN_UNINITIALIZED_AUTOS = YES_AGGRESSIVE;
				GCC_WARN_UNUSED_FUNCTION = YES;
				GCC_WARN_UNUSED_VARIABLE = YES;
				IPHONEOS_DEPLOYMENT_TARGET = 9.2;
				MTL_ENABLE_DEBUG_INFO = NO;
				SDKROOT = iphoneos;
				VALIDATE_PRODUCT = YES;
			};
			name = Release;
		};
		FC10FB931C4E84B900EEA8C6 /* Debug */ = {
			isa = XCBuildConfiguration;
			buildSettings = {
				ASSETCATALOG_COMPILER_APPICON_NAME = AppIcon;
				GCC_PRECOMPILE_PREFIX_HEADER = YES;
				GCC_PREFIX_HEADER = "$(SRCROOT)/UISwift02/UISwift02.pch";
				INFOPLIST_FILE = UISwift02/Info.plist;
				LD_RUNPATH_SEARCH_PATHS = "$(inherited) @executable_path/Frameworks";
				PRODUCT_BUNDLE_IDENTIFIER = com.swift.UISwift02;
				PRODUCT_NAME = "$(TARGET_NAME)";
				SWIFT_OBJC_BRIDGING_HEADER = "$(SRCROOT)/UISwift02/UISwift02.pch";
			};
			name = Debug;
		};
		FC10FB941C4E84B900EEA8C6 /* Release */ = {
			isa = XCBuildConfiguration;
			buildSettings = {
				ASSETCATALOG_COMPILER_APPICON_NAME = AppIcon;
				GCC_PRECOMPILE_PREFIX_HEADER = YES;
				GCC_PREFIX_HEADER = "$(SRCROOT)/UISwift02/UISwift02.pch";
				INFOPLIST_FILE = UISwift02/Info.plist;
				LD_RUNPATH_SEARCH_PATHS = "$(inherited) @executable_path/Frameworks";
				PRODUCT_BUNDLE_IDENTIFIER = com.swift.UISwift02;
				PRODUCT_NAME = "$(TARGET_NAME)";
				SWIFT_OBJC_BRIDGING_HEADER = "$(SRCROOT)/UISwift02/UISwift02.pch";
			};
			name = Release;
		};
		FC10FB961C4E84B900EEA8C6 /* Debug */ = {
			isa = XCBuildConfiguration;
			buildSettings = {
				BUNDLE_LOADER = "$(TEST_HOST)";
				INFOPLIST_FILE = UISwift02Tests/Info.plist;
				LD_RUNPATH_SEARCH_PATHS = "$(inherited) @executable_path/Frameworks @loader_path/Frameworks";
				PRODUCT_BUNDLE_IDENTIFIER = com.swift.UISwift02Tests;
				PRODUCT_NAME = "$(TARGET_NAME)";
				TEST_HOST = "$(BUILT_PRODUCTS_DIR)/UISwift02.app/UISwift02";
			};
			name = Debug;
		};
		FC10FB971C4E84B900EEA8C6 /* Release */ = {
			isa = XCBuildConfiguration;
			buildSettings = {
				BUNDLE_LOADER = "$(TEST_HOST)";
				INFOPLIST_FILE = UISwift02Tests/Info.plist;
				LD_RUNPATH_SEARCH_PATHS = "$(inherited) @executable_path/Frameworks @loader_path/Frameworks";
				PRODUCT_BUNDLE_IDENTIFIER = com.swift.UISwift02Tests;
				PRODUCT_NAME = "$(TARGET_NAME)";
				TEST_HOST = "$(BUILT_PRODUCTS_DIR)/UISwift02.app/UISwift02";
			};
			name = Release;
		};
		FC10FB991C4E84B900EEA8C6 /* Debug */ = {
			isa = XCBuildConfiguration;
			buildSettings = {
				INFOPLIST_FILE = UISwift02UITests/Info.plist;
				LD_RUNPATH_SEARCH_PATHS = "$(inherited) @executable_path/Frameworks @loader_path/Frameworks";
				PRODUCT_BUNDLE_IDENTIFIER = com.swift.UISwift02UITests;
				PRODUCT_NAME = "$(TARGET_NAME)";
				TEST_TARGET_NAME = UISwift02;
				USES_XCTRUNNER = YES;
			};
			name = Debug;
		};
		FC10FB9A1C4E84B900EEA8C6 /* Release */ = {
			isa = XCBuildConfiguration;
			buildSettings = {
				INFOPLIST_FILE = UISwift02UITests/Info.plist;
				LD_RUNPATH_SEARCH_PATHS = "$(inherited) @executable_path/Frameworks @loader_path/Frameworks";
				PRODUCT_BUNDLE_IDENTIFIER = com.swift.UISwift02UITests;
				PRODUCT_NAME = "$(TARGET_NAME)";
				TEST_TARGET_NAME = UISwift02;
				USES_XCTRUNNER = YES;
			};
			name = Release;
		};
/* End XCBuildConfiguration section */

/* Begin XCConfigurationList section */
		FC10FB651C4E84B900EEA8C6 /* Build configuration list for PBXProject "UISwift02" */ = {
			isa = XCConfigurationList;
			buildConfigurations = (
				FC10FB901C4E84B900EEA8C6 /* Debug */,
				FC10FB911C4E84B900EEA8C6 /* Release */,
			);
			defaultConfigurationIsVisible = 0;
			defaultConfigurationName = Release;
		};
		FC10FB921C4E84B900EEA8C6 /* Build configuration list for PBXNativeTarget "UISwift02" */ = {
			isa = XCConfigurationList;
			buildConfigurations = (
				FC10FB931C4E84B900EEA8C6 /* Debug */,
				FC10FB941C4E84B900EEA8C6 /* Release */,
			);
			defaultConfigurationIsVisible = 0;
			defaultConfigurationName = Release;
		};
		FC10FB951C4E84B900EEA8C6 /* Build configuration list for PBXNativeTarget "UISwift02Tests" */ = {
			isa = XCConfigurationList;
			buildConfigurations = (
				FC10FB961C4E84B900EEA8C6 /* Debug */,
				FC10FB971C4E84B900EEA8C6 /* Release */,
			);
			defaultConfigurationIsVisible = 0;
			defaultConfigurationName = Release;
		};
		FC10FB981C4E84B900EEA8C6 /* Build configuration list for PBXNativeTarget "UISwift02UITests" */ = {
			isa = XCConfigurationList;
			buildConfigurations = (
				FC10FB991C4E84B900EEA8C6 /* Debug */,
				FC10FB9A1C4E84B900EEA8C6 /* Release */,
			);
			defaultConfigurationIsVisible = 0;
			defaultConfigurationName = Release;
		};
/* End XCConfigurationList section */
	};
	rootObject = FC10FB621C4E84B900EEA8C6 /* Project object */;
}
